
Microsoft Visual Studio Solution File, Format Version 12.00
# Visual Studio Version 17
VisualStudioVersion = 17.4.33103.184
MinimumVisualStudioVersion = 10.0.40219.1
Project("{FAE04EC0-301F-11D3-BF4B-00C04F79EFBC}") = "Theater", "Theater\Theater.csproj", "{0A542DC4-A445-4EAB-91CE-6F7BB1844772}"
EndProject
Global
	GlobalSection(SolutionConfigurationPlatforms) = preSolution
		Debug|Any CPU = Debug|Any CPU
		Release|Any CPU = Release|Any CPU
	EndGlobalSection
	GlobalSection(ProjectConfigurationPlatforms) = postSolution
		{0A542DC4-A445-4EAB-91CE-6F7BB1844772}.Debug|Any CPU.ActiveCfg = Debug|Any CPU
		{0A542DC4-A445-4EAB-91CE-6F7BB1844772}.Debug|Any CPU.Build.0 = Debug|Any CPU
		{0A542DC4-A445-4EAB-91CE-6F7BB1844772}.Release|Any CPU.ActiveCfg = Release|Any CPU
		{0A542DC4-A445-4EAB-91CE-6F7BB1844772}.Release|Any CPU.Build.0 = Release|Any CPU
	EndGlobalSection
	GlobalSection(SolutionProperties) = preSolution
		HideSolutionNode = FALSE
	EndGlobalSection
	GlobalSection(ExtensibilityGlobals) = postSolution
		SolutionGuid = {F8B5DAFB-CA44-4C14-8AC4-75086FF78620}
	EndGlobalSection
EndGlobal
